
Microsoft Visual Studio Solution File, Format Version 12.00
# Visual Studio Version 17
VisualStudioVersion = 17.13.35806.99 d17.13
MinimumVisualStudioVersion = 10.0.40219.1
Project("{FAE04EC0-301F-11D3-BF4B-00C04F79EFBC}") = "OpenTableApp", "OpenTableApp.csproj", "{AB729F6F-8524-D20E-1D5F-84DC3B223379}"
EndProject
Global
	GlobalSection(SolutionConfigurationPlatforms) = preSolution
		Debug|Any CPU = Debug|Any CPU
		Release|Any CPU = Release|Any CPU
	EndGlobalSection
	GlobalSection(ProjectConfigurationPlatforms) = postSolution
		{AB729F6F-8524-D20E-1D5F-84DC3B223379}.Debug|Any CPU.ActiveCfg = Debug|Any CPU
		{AB729F6F-8524-D20E-1D5F-84DC3B223379}.Debug|Any CPU.Build.0 = Debug|Any CPU
		{AB729F6F-8524-D20E-1D5F-84DC3B223379}.Release|Any CPU.ActiveCfg = Release|Any CPU
		{AB729F6F-8524-D20E-1D5F-84DC3B223379}.Release|Any CPU.Build.0 = Release|Any CPU
	EndGlobalSection
	GlobalSection(SolutionProperties) = preSolution
		HideSolutionNode = FALSE
	EndGlobalSection
	GlobalSection(ExtensibilityGlobals) = postSolution
		SolutionGuid = {9FE75153-1E23-427B-AFE1-9FC40BBBF4B0}
	EndGlobalSection
EndGlobal
